
Microsoft Visual Studio Solution File, Format Version 12.00
# Visual Studio Version 16
VisualStudioVersion = 16.0.31129.286
MinimumVisualStudioVersion = 10.0.40219.1
Project("{9A19103F-16F7-4668-BE54-9A1E7A4F7556}") = "aula_27_04_21", "aula_27_04_21\aula_27_04_21.csproj", "{337D0E2A-48E2-4014-B4B5-C422FEA77402}"
EndProject
Project("{00D1A9C2-B5F0-4AF3-8072-F6C62B433612}") = "Database1", "..\Database1\Database1.sqlproj", "{16A9A1BE-7207-4312-94E8-9707AC2D4BA3}"
EndProject
Global
	GlobalSection(SolutionConfigurationPlatforms) = preSolution
		Debug|Any CPU = Debug|Any CPU
		Release|Any CPU = Release|Any CPU
	EndGlobalSection
	GlobalSection(ProjectConfigurationPlatforms) = postSolution
		{337D0E2A-48E2-4014-B4B5-C422FEA77402}.Debug|Any CPU.ActiveCfg = Debug|Any CPU
		{337D0E2A-48E2-4014-B4B5-C422FEA77402}.Debug|Any CPU.Build.0 = Debug|Any CPU
		{337D0E2A-48E2-4014-B4B5-C422FEA77402}.Release|Any CPU.ActiveCfg = Release|Any CPU
		{337D0E2A-48E2-4014-B4B5-C422FEA77402}.Release|Any CPU.Build.0 = Release|Any CPU
		{16A9A1BE-7207-4312-94E8-9707AC2D4BA3}.Debug|Any CPU.ActiveCfg = Debug|Any CPU
		{16A9A1BE-7207-4312-94E8-9707AC2D4BA3}.Debug|Any CPU.Build.0 = Debug|Any CPU
		{16A9A1BE-7207-4312-94E8-9707AC2D4BA3}.Debug|Any CPU.Deploy.0 = Debug|Any CPU
		{16A9A1BE-7207-4312-94E8-9707AC2D4BA3}.Release|Any CPU.ActiveCfg = Release|Any CPU
		{16A9A1BE-7207-4312-94E8-9707AC2D4BA3}.Release|Any CPU.Build.0 = Release|Any CPU
		{16A9A1BE-7207-4312-94E8-9707AC2D4BA3}.Release|Any CPU.Deploy.0 = Release|Any CPU
	EndGlobalSection
	GlobalSection(SolutionProperties) = preSolution
		HideSolutionNode = FALSE
	EndGlobalSection
	GlobalSection(ExtensibilityGlobals) = postSolution
		SolutionGuid = {4F6E2731-AEEB-4D0C-9FB3-058083C59A74}
	EndGlobalSection
EndGlobal
